
Microsoft Visual Studio Solution File, Format Version 12.00
# Visual Studio Version 17
VisualStudioVersion = 17.0.31903.59
MinimumVisualStudioVersion = 10.0.40219.1
Project("{FAE04EC0-301F-11D3-BF4B-00C04F79EFBC}") = "Dominio", "Dominio\Dominio.csproj", "{21862ADF-63DD-4AFB-AF54-1A551AB304DB}"
EndProject
Project("{FAE04EC0-301F-11D3-BF4B-00C04F79EFBC}") = "Persistencia", "Persistencia\Persistencia.csproj", "{AC4006F4-84C0-46B6-9121-5F517D7984A6}"
EndProject
Project("{FAE04EC0-301F-11D3-BF4B-00C04F79EFBC}") = "Api", "Api\Api.csproj", "{8891C289-B0B0-4A99-9F99-A154034B311F}"
EndProject
Global
	GlobalSection(SolutionConfigurationPlatforms) = preSolution
		Debug|Any CPU = Debug|Any CPU
		Release|Any CPU = Release|Any CPU
	EndGlobalSection
	GlobalSection(SolutionProperties) = preSolution
		HideSolutionNode = FALSE
	EndGlobalSection
	GlobalSection(ProjectConfigurationPlatforms) = postSolution
		{21862ADF-63DD-4AFB-AF54-1A551AB304DB}.Debug|Any CPU.ActiveCfg = Debug|Any CPU
		{21862ADF-63DD-4AFB-AF54-1A551AB304DB}.Debug|Any CPU.Build.0 = Debug|Any CPU
		{21862ADF-63DD-4AFB-AF54-1A551AB304DB}.Release|Any CPU.ActiveCfg = Release|Any CPU
		{21862ADF-63DD-4AFB-AF54-1A551AB304DB}.Release|Any CPU.Build.0 = Release|Any CPU
		{AC4006F4-84C0-46B6-9121-5F517D7984A6}.Debug|Any CPU.ActiveCfg = Debug|Any CPU
		{AC4006F4-84C0-46B6-9121-5F517D7984A6}.Debug|Any CPU.Build.0 = Debug|Any CPU
		{AC4006F4-84C0-46B6-9121-5F517D7984A6}.Release|Any CPU.ActiveCfg = Release|Any CPU
		{AC4006F4-84C0-46B6-9121-5F517D7984A6}.Release|Any CPU.Build.0 = Release|Any CPU
		{8891C289-B0B0-4A99-9F99-A154034B311F}.Debug|Any CPU.ActiveCfg = Debug|Any CPU
		{8891C289-B0B0-4A99-9F99-A154034B311F}.Debug|Any CPU.Build.0 = Debug|Any CPU
		{8891C289-B0B0-4A99-9F99-A154034B311F}.Release|Any CPU.ActiveCfg = Release|Any CPU
		{8891C289-B0B0-4A99-9F99-A154034B311F}.Release|Any CPU.Build.0 = Release|Any CPU
	EndGlobalSection
EndGlobal
